# This is a Gradle generated file for dependency locking.
# Manual edits can break the build and are not advised.
# This file is expected to be part of source control.
ch.qos.logback:logback-classic:1.5.34=ktlint,runtimeClasspath
ch.qos.logback:logback-core:1.5.34=ktlint,runtimeClasspath
com.atilika.kuromoji:kuromoji-core:0.9.0=runtimeClasspath
com.atilika.kuromoji:kuromoji-ipadic:0.9.0=runtimeClasspath
com.fasterxml.jackson.core:jackson-annotations:2.21=runtimeClasspath
com.fasterxml.jackson.core:jackson-core:2.21.4=runtimeClasspath
com.fasterxml.jackson.core:jackson-databind:2.21.4=runtimeClasspath
com.fasterxml.jackson.datatype:jackson-datatype-jsr310:2.21.4=runtimeClasspath
com.fasterxml.jackson:jackson-bom:2.21.4=runtimeClasspath
com.fasterxml:classmate:1.7.3=runtimeClasspath
com.github.ajalt.clikt:clikt-jvm:5.0.3=ktlint
com.github.ajalt.clikt:clikt:5.0.3=ktlint
com.pinterest.ktlint:ktlint-cli-reporter-baseline:1.8.0=ktlint
com.pinterest.ktlint:ktlint-cli-reporter-checkstyle:1.8.0=ktlint
com.pinterest.ktlint:ktlint-cli-reporter-core:1.8.0=ktlint
com.pinterest.ktlint:ktlint-cli-reporter-format:1.8.0=ktlint
com.pinterest.ktlint:ktlint-cli-reporter-html:1.8.0=ktlint
com.pinterest.ktlint:ktlint-cli-reporter-json:1.8.0=ktlint
com.pinterest.ktlint:ktlint-cli-reporter-plain-summary:1.8.0=ktlint
com.pinterest.ktlint:ktlint-cli-reporter-plain:1.8.0=ktlint
com.pinterest.ktlint:ktlint-cli-reporter-sarif:1.8.0=ktlint
com.pinterest.ktlint:ktlint-cli-ruleset-core:1.8.0=ktlint
com.pinterest.ktlint:ktlint-cli:1.8.0=ktlint
com.pinterest.ktlint:ktlint-logger:1.8.0=ktlint
com.pinterest.ktlint:ktlint-rule-engine-core:1.8.0=ktlint
com.pinterest.ktlint:ktlint-rule-engine:1.8.0=ktlint
com.pinterest.ktlint:ktlint-ruleset-standard:1.8.0=ktlint
com.sun.istack:istack-commons-runtime:4.1.2=runtimeClasspath
com.zaxxer:HikariCP:7.0.2=runtimeClasspath
commons-logging:commons-logging:1.3.6=runtimeClasspath
dev.drewhamilton.poko:poko-annotations-jvm:0.20.1=ktlint
dev.drewhamilton.poko:poko-annotations:0.20.1=ktlint
io.github.detekt.sarif4k:sarif4k-jvm:0.5.0=ktlint
io.github.detekt.sarif4k:sarif4k:0.5.0=ktlint
io.github.open-spaced-repetition:fsrs:1.0.0=runtimeClasspath
io.github.oshai:kotlin-logging-jvm:7.0.13=ktlint
io.github.oshai:kotlin-logging:5.1.0=ktlint
io.micrometer:micrometer-commons:1.17.0=runtimeClasspath
io.micrometer:micrometer-observation:1.17.0=runtimeClasspath
jakarta.activation:jakarta.activation-api:2.1.4=runtimeClasspath
jakarta.annotation:jakarta.annotation-api:3.0.0=runtimeClasspath
jakarta.inject:jakarta.inject-api:2.0.1=runtimeClasspath
jakarta.persistence:jakarta.persistence-api:3.2.0=runtimeClasspath
jakarta.transaction:jakarta.transaction-api:2.0.1=runtimeClasspath
jakarta.validation:jakarta.validation-api:3.1.1=runtimeClasspath
jakarta.xml.bind:jakarta.xml.bind-api:4.0.5=runtimeClasspath
net.bytebuddy:byte-buddy:1.18.10=runtimeClasspath
org.antlr:antlr4-runtime:4.13.2=runtimeClasspath
org.apache.logging.log4j:log4j-api:2.25.4=runtimeClasspath
org.apache.logging.log4j:log4j-to-slf4j:2.25.4=runtimeClasspath
org.apache.tomcat.embed:tomcat-embed-core:11.0.22=runtimeClasspath
org.apache.tomcat.embed:tomcat-embed-el:11.0.22=runtimeClasspath
org.apache.tomcat.embed:tomcat-embed-websocket:11.0.22=runtimeClasspath
org.aspectj:aspectjweaver:1.9.25.1=runtimeClasspath
org.ec4j.core:ec4j-core:1.1.1=ktlint
org.eclipse.angus:angus-activation:2.0.3=runtimeClasspath
org.flywaydb:flyway-core:12.4.0=runtimeClasspath
org.flywaydb:flyway-database-postgresql:12.4.0=runtimeClasspath
org.glassfish.jaxb:jaxb-core:4.0.9=runtimeClasspath
org.glassfish.jaxb:jaxb-runtime:4.0.9=runtimeClasspath
org.glassfish.jaxb:txw2:4.0.9=runtimeClasspath
org.hibernate.models:hibernate-models:1.1.1=runtimeClasspath
org.hibernate.orm:hibernate-core:7.4.1.Final=runtimeClasspath
org.hibernate.orm:hibernate-platform:7.4.1.Final=runtimeClasspath
org.hibernate.validator:hibernate-validator:9.1.0.Final=runtimeClasspath
org.jboss.logging:jboss-logging:3.6.3.Final=runtimeClasspath
org.jetbrains.kotlin:kotlin-compiler-embeddable:2.3.21=ktlint
org.jetbrains.kotlin:kotlin-daemon-embeddable:2.3.21=ktlint
org.jetbrains.kotlin:kotlin-reflect:2.3.21=ktlint,runtimeClasspath
org.jetbrains.kotlin:kotlin-script-runtime:2.3.21=ktlint
org.jetbrains.kotlin:kotlin-stdlib:2.3.21=ktlint,runtimeClasspath
org.jetbrains.kotlinx:kotlinx-coroutines-core-jvm:1.10.2=ktlint
org.jetbrains:annotations:13.0=ktlint,runtimeClasspath
org.jspecify:jspecify:1.0.0=runtimeClasspath
org.postgresql:postgresql:42.7.11=runtimeClasspath
org.slf4j:jul-to-slf4j:2.0.18=runtimeClasspath
org.slf4j:slf4j-api:2.0.18=ktlint,runtimeClasspath
org.springframework.boot:spring-boot-autoconfigure:4.1.0=runtimeClasspath
org.springframework.boot:spring-boot-data-commons:4.1.0=runtimeClasspath
org.springframework.boot:spring-boot-data-jpa:4.1.0=runtimeClasspath
org.springframework.boot:spring-boot-flyway:4.1.0=runtimeClasspath
org.springframework.boot:spring-boot-hibernate:4.1.0=runtimeClasspath
org.springframework.boot:spring-boot-http-converter:4.1.0=runtimeClasspath
org.springframework.boot:spring-boot-jackson:4.1.0=runtimeClasspath
org.springframework.boot:spring-boot-jdbc:4.1.0=runtimeClasspath
org.springframework.boot:spring-boot-jpa:4.1.0=runtimeClasspath
org.springframework.boot:spring-boot-persistence:4.1.0=runtimeClasspath
org.springframework.boot:spring-boot-security:4.1.0=runtimeClasspath
org.springframework.boot:spring-boot-servlet:4.1.0=runtimeClasspath
org.springframework.boot:spring-boot-sql:4.1.0=runtimeClasspath
org.springframework.boot:spring-boot-starter-data-jpa:4.1.0=runtimeClasspath
org.springframework.boot:spring-boot-starter-flyway:4.1.0=runtimeClasspath
org.springframework.boot:spring-boot-starter-jackson:4.1.0=runtimeClasspath
org.springframework.boot:spring-boot-starter-jdbc:4.1.0=runtimeClasspath
org.springframework.boot:spring-boot-starter-logging:4.1.0=runtimeClasspath
org.springframework.boot:spring-boot-starter-security:4.1.0=runtimeClasspath
org.springframework.boot:spring-boot-starter-tomcat-runtime:4.1.0=runtimeClasspath
org.springframework.boot:spring-boot-starter-tomcat:4.1.0=runtimeClasspath
org.springframework.boot:spring-boot-starter-validation:4.1.0=runtimeClasspath
org.springframework.boot:spring-boot-starter-webmvc:4.1.0=runtimeClasspath
org.springframework.boot:spring-boot-starter:4.1.0=runtimeClasspath
org.springframework.boot:spring-boot-tomcat:4.1.0=runtimeClasspath
org.springframework.boot:spring-boot-transaction:4.1.0=runtimeClasspath
org.springframework.boot:spring-boot-validation:4.1.0=runtimeClasspath
org.springframework.boot:spring-boot-web-server:4.1.0=runtimeClasspath
org.springframework.boot:spring-boot-webmvc:4.1.0=runtimeClasspath
org.springframework.boot:spring-boot:4.1.0=runtimeClasspath
org.springframework.data:spring-data-commons:4.1.0=runtimeClasspath
org.springframework.data:spring-data-jpa:4.1.0=runtimeClasspath
org.springframework.security:spring-security-config:7.1.0=runtimeClasspath
org.springframework.security:spring-security-core:7.1.0=runtimeClasspath
org.springframework.security:spring-security-crypto:7.1.0=runtimeClasspath
org.springframework.security:spring-security-web:7.1.0=runtimeClasspath
org.springframework:spring-aop:7.0.8=runtimeClasspath
org.springframework:spring-aspects:7.0.8=runtimeClasspath
org.springframework:spring-beans:7.0.8=runtimeClasspath
org.springframework:spring-context:7.0.8=runtimeClasspath
org.springframework:spring-core:7.0.8=runtimeClasspath
org.springframework:spring-expression:7.0.8=runtimeClasspath
org.springframework:spring-jdbc:7.0.8=runtimeClasspath
org.springframework:spring-orm:7.0.8=runtimeClasspath
org.springframework:spring-tx:7.0.8=runtimeClasspath
org.springframework:spring-web:7.0.8=runtimeClasspath
org.springframework:spring-webmvc:7.0.8=runtimeClasspath
org.yaml:snakeyaml:2.6=runtimeClasspath
tools.jackson.core:jackson-core:3.1.4=runtimeClasspath
tools.jackson.core:jackson-databind:3.1.4=runtimeClasspath
tools.jackson.module:jackson-module-kotlin:3.1.4=runtimeClasspath
tools.jackson:jackson-bom:3.1.4=runtimeClasspath
empty=
